
Microsoft Visual Studio Solution File, Format Version 12.00
# Visual Studio Version 16
VisualStudioVersion = 16.0.31624.102
MinimumVisualStudioVersion = 10.0.40219.1
Project("{8BC9CEB8-8B4A-11D0-8D11-00A0C91BC942}") = "HW0hello", "HW0hello.vcxproj", "{ABDF847B-053C-4E77-AB96-56E947BB0F4E}"
EndProject
Global
	GlobalSection(SolutionConfigurationPlatforms) = preSolution
		Debug|x64 = Debug|x64
		Debug|x86 = Debug|x86
		Release|x64 = Release|x64
		Release|x86 = Release|x86
	EndGlobalSection
	GlobalSection(ProjectConfigurationPlatforms) = postSolution
		{ABDF847B-053C-4E77-AB96-56E947BB0F4E}.Debug|x64.ActiveCfg = Debug|x64
		{ABDF847B-053C-4E77-AB96-56E947BB0F4E}.Debug|x64.Build.0 = Debug|x64
		{ABDF847B-053C-4E77-AB96-56E947BB0F4E}.Debug|x86.ActiveCfg = Debug|Win32
		{ABDF847B-053C-4E77-AB96-56E947BB0F4E}.Debug|x86.Build.0 = Debug|Win32
		{ABDF847B-053C-4E77-AB96-56E947BB0F4E}.Release|x64.ActiveCfg = Release|x64
		{ABDF847B-053C-4E77-AB96-56E947BB0F4E}.Release|x64.Build.0 = Release|x64
		{ABDF847B-053C-4E77-AB96-56E947BB0F4E}.Release|x86.ActiveCfg = Release|Win32
		{ABDF847B-053C-4E77-AB96-56E947BB0F4E}.Release|x86.Build.0 = Release|Win32
	EndGlobalSection
	GlobalSection(SolutionProperties) = preSolution
		HideSolutionNode = FALSE
	EndGlobalSection
	GlobalSection(ExtensibilityGlobals) = postSolution
		SolutionGuid = {1542DA15-52C7-4EAD-9719-94839A9B0AF4}
	EndGlobalSection
EndGlobal
